
Microsoft Visual Studio Solution File, Format Version 12.00
# Visual Studio Version 17
VisualStudioVersion = 17.5.33627.172
MinimumVisualStudioVersion = 10.0.40219.1
Project("{FAE04EC0-301F-11D3-BF4B-00C04F79EFBC}") = "ShopOnline.Web", "ShopOnline.Web\ShopOnline.Web.csproj", "{5DBE8C28-0AE4-41A8-AC6A-582FA770E041}"
EndProject
Project("{FAE04EC0-301F-11D3-BF4B-00C04F79EFBC}") = "ShopOnline.Api", "ShopOnline.Api\ShopOnline.Api.csproj", "{5AF3DE69-B146-4830-BF57-16C21FAEF394}"
EndProject
Global
	GlobalSection(SolutionConfigurationPlatforms) = preSolution
		Debug|Any CPU = Debug|Any CPU
		Release|Any CPU = Release|Any CPU
	EndGlobalSection
	GlobalSection(ProjectConfigurationPlatforms) = postSolution
		{5DBE8C28-0AE4-41A8-AC6A-582FA770E041}.Debug|Any CPU.ActiveCfg = Debug|Any CPU
		{5DBE8C28-0AE4-41A8-AC6A-582FA770E041}.Debug|Any CPU.Build.0 = Debug|Any CPU
		{5DBE8C28-0AE4-41A8-AC6A-582FA770E041}.Release|Any CPU.ActiveCfg = Release|Any CPU
		{5DBE8C28-0AE4-41A8-AC6A-582FA770E041}.Release|Any CPU.Build.0 = Release|Any CPU
		{5AF3DE69-B146-4830-BF57-16C21FAEF394}.Debug|Any CPU.ActiveCfg = Debug|Any CPU
		{5AF3DE69-B146-4830-BF57-16C21FAEF394}.Debug|Any CPU.Build.0 = Debug|Any CPU
		{5AF3DE69-B146-4830-BF57-16C21FAEF394}.Release|Any CPU.ActiveCfg = Release|Any CPU
		{5AF3DE69-B146-4830-BF57-16C21FAEF394}.Release|Any CPU.Build.0 = Release|Any CPU
	EndGlobalSection
	GlobalSection(SolutionProperties) = preSolution
		HideSolutionNode = FALSE
	EndGlobalSection
	GlobalSection(ExtensibilityGlobals) = postSolution
		SolutionGuid = {2DD810A4-4CB9-4A22-B115-BFFBCE1DB9A4}
	EndGlobalSection
EndGlobal
